// !$*UTF8*$!
{
	archiveVersion = 1;
	classes = {
	};
	objectVersion = 48;
	objects = {

/* Begin PBXBuildFile section */
		020256A420485C1700B1CD8A /* GameController.swift in Sources */ = {isa = PBXBuildFile; fileRef = 020256A120485C1600B1CD8A /* GameController.swift */; };
		020256A520485C1700B1CD8A /* CardCVC.swift in Sources */ = {isa = PBXBuildFile; fileRef = 020256A220485C1600B1CD8A /* CardCVC.swift */; };
		020256A620485C1700B1CD8A /* MemoryInfoViewController.swift in Sources */ = {isa = PBXBuildFile; fileRef = 020256A320485C1700B1CD8A /* MemoryInfoViewController.swift */; };
		020256A820485C3800B1CD8A /* MemoryGame.swift in Sources */ = {isa = PBXBuildFile; fileRef = 020256A720485C3800B1CD8A /* MemoryGame.swift */; };
		023BDC012044B0D600B1DD53 /* TargetGameViewController.swift in Sources */ = {isa = PBXBuildFile; fileRef = 023BDC002044B0D600B1DD53 /* TargetGameViewController.swift */; };
		023BDC1820463F5F00B1DD53 /* ViewController.swift in Sources */ = {isa = PBXBuildFile; fileRef = 023BDC1720463F5F00B1DD53 /* ViewController.swift */; };
		023BDC1C20463F8700B1DD53 /* chime.mp3 in Resources */ = {isa = PBXBuildFile; fileRef = 023BDC1920463F8600B1DD53 /* chime.mp3 */; };
		023BDC1D20463F8700B1DD53 /* instruction_track.m4a in Resources */ = {isa = PBXBuildFile; fileRef = 023BDC1A20463F8700B1DD53 /* instruction_track.m4a */; };
		023BDC1E20463F8700B1DD53 /* tone.mp3 in Resources */ = {isa = PBXBuildFile; fileRef = 023BDC1B20463F8700B1DD53 /* tone.mp3 */; };
		DD50733A2045A9EA001865A3 /* ActiveSurveyTableViewCell.swift in Sources */ = {isa = PBXBuildFile; fileRef = DD5073392045A9EA001865A3 /* ActiveSurveyTableViewCell.swift */; };
		DD50733C2045BEC4001865A3 /* ActiveSurveyListViewController.swift in Sources */ = {isa = PBXBuildFile; fileRef = DD50733B2045BEC4001865A3 /* ActiveSurveyListViewController.swift */; };
		DD507392204725A0001865A3 /* SignatureInfoViewController.swift in Sources */ = {isa = PBXBuildFile; fileRef = DD50738F2047259F001865A3 /* SignatureInfoViewController.swift */; };
		DD507393204725A0001865A3 /* SignatureViewController.swift in Sources */ = {isa = PBXBuildFile; fileRef = DD5073902047259F001865A3 /* SignatureViewController.swift */; };
		DD507394204725A0001865A3 /* SigningView.swift in Sources */ = {isa = PBXBuildFile; fileRef = DD5073912047259F001865A3 /* SigningView.swift */; };
		DD507396204725B3001865A3 /* CoreBluetooth.framework in Frameworks */ = {isa = PBXBuildFile; fileRef = DD507395204725B3001865A3 /* CoreBluetooth.framework */; };
		DD507398204725BB001865A3 /* CoreMotion.framework in Frameworks */ = {isa = PBXBuildFile; fileRef = DD507397204725BB001865A3 /* CoreMotion.framework */; };
		DD50739A204725CA001865A3 /* SystemConfiguration.framework in Frameworks */ = {isa = PBXBuildFile; fileRef = DD507399204725CA001865A3 /* SystemConfiguration.framework */; };
		DD50739C204728B5001865A3 /* AdonitSDK.framework in Frameworks */ = {isa = PBXBuildFile; fileRef = DD50739B204728B4001865A3 /* AdonitSDK.framework */; };
		DD50739E204728C5001865A3 /* AdonitSDK.bundle in Resources */ = {isa = PBXBuildFile; fileRef = DD50739D204728C4001865A3 /* AdonitSDK.bundle */; };
		DD5073A920472D73001865A3 /* StylusAcceleration+CoreDataClass.swift in Sources */ = {isa = PBXBuildFile; fileRef = DD5073A520472D73001865A3 /* StylusAcceleration+CoreDataClass.swift */; };
		DD5073AA20472D73001865A3 /* SignatureResult+CoreDataProperties.swift in Sources */ = {isa = PBXBuildFile; fileRef = DD5073A620472D73001865A3 /* SignatureResult+CoreDataProperties.swift */; };
		DD5073AB20472D73001865A3 /* StylusAcceleration+CoreDataProperties.swift in Sources */ = {isa = PBXBuildFile; fileRef = DD5073A720472D73001865A3 /* StylusAcceleration+CoreDataProperties.swift */; };
		DD5073AC20472D73001865A3 /* SignatureResult+CoreDataClass.swift in Sources */ = {isa = PBXBuildFile; fileRef = DD5073A820472D73001865A3 /* SignatureResult+CoreDataClass.swift */; };
		DD5073B320472E49001865A3 /* VisResult+CoreDataClass.swift in Sources */ = {isa = PBXBuildFile; fileRef = DD5073AD20472E49001865A3 /* VisResult+CoreDataClass.swift */; };
		DD5073B420472E49001865A3 /* TraceResult+CoreDataClass.swift in Sources */ = {isa = PBXBuildFile; fileRef = DD5073AE20472E49001865A3 /* TraceResult+CoreDataClass.swift */; };
		DD5073B520472E49001865A3 /* TraceResult+CoreDataProperties.swift in Sources */ = {isa = PBXBuildFile; fileRef = DD5073AF20472E49001865A3 /* TraceResult+CoreDataProperties.swift */; };
		DD5073B620472E49001865A3 /* VisResult+CoreDataProperties.swift in Sources */ = {isa = PBXBuildFile; fileRef = DD5073B020472E49001865A3 /* VisResult+CoreDataProperties.swift */; };
		DD5073B720472E49001865A3 /* ConnectResult+CoreDataProperties.swift in Sources */ = {isa = PBXBuildFile; fileRef = DD5073B120472E49001865A3 /* ConnectResult+CoreDataProperties.swift */; };
		DD5073B820472E49001865A3 /* ConnectResult+CoreDataClass.swift in Sources */ = {isa = PBXBuildFile; fileRef = DD5073B220472E49001865A3 /* ConnectResult+CoreDataClass.swift */; };
		DD5073C920472EDA001865A3 /* ColorResult+CoreDataProperties.swift in Sources */ = {isa = PBXBuildFile; fileRef = DD5073B920472ED8001865A3 /* ColorResult+CoreDataProperties.swift */; };
		DD5073CA20472EDA001865A3 /* PictureResult+CoreDataProperties.swift in Sources */ = {isa = PBXBuildFile; fileRef = DD5073BA20472ED8001865A3 /* PictureResult+CoreDataProperties.swift */; };
		DD5073CB20472EDA001865A3 /* FallingBallResult+CoreDataClass.swift in Sources */ = {isa = PBXBuildFile; fileRef = DD5073BB20472ED8001865A3 /* FallingBallResult+CoreDataClass.swift */; };
		DD5073CC20472EDA001865A3 /* DeviceAcceleration+CoreDataClass.swift in Sources */ = {isa = PBXBuildFile; fileRef = DD5073BC20472ED8001865A3 /* DeviceAcceleration+CoreDataClass.swift */; };
		DD5073CD20472EDA001865A3 /* DeviceAcceleration+CoreDataProperties.swift in Sources */ = {isa = PBXBuildFile; fileRef = DD5073BD20472ED9001865A3 /* DeviceAcceleration+CoreDataProperties.swift */; };
		DD5073CE20472EDA001865A3 /* FallingBallResult+CoreDataProperties.swift in Sources */ = {isa = PBXBuildFile; fileRef = DD5073BE20472ED9001865A3 /* FallingBallResult+CoreDataProperties.swift */; };
		DD5073CF20472EDA001865A3 /* MemoryResult+CoreDataProperties.swift in Sources */ = {isa = PBXBuildFile; fileRef = DD5073BF20472ED9001865A3 /* MemoryResult+CoreDataProperties.swift */; };
		DD5073D020472EDA001865A3 /* Point+CoreDataClass.swift in Sources */ = {isa = PBXBuildFile; fileRef = DD5073C020472ED9001865A3 /* Point+CoreDataClass.swift */; };
		DD5073D120472EDA001865A3 /* MemoryResult+CoreDataClass.swift in Sources */ = {isa = PBXBuildFile; fileRef = DD5073C120472ED9001865A3 /* MemoryResult+CoreDataClass.swift */; };
		DD5073D220472EDA001865A3 /* ClosestPoint+CoreDataClass.swift in Sources */ = {isa = PBXBuildFile; fileRef = DD5073C220472ED9001865A3 /* ClosestPoint+CoreDataClass.swift */; };
		DD5073D320472EDA001865A3 /* ColorResult+CoreDataClass.swift in Sources */ = {isa = PBXBuildFile; fileRef = DD5073C320472ED9001865A3 /* ColorResult+CoreDataClass.swift */; };
		DD5073D420472EDA001865A3 /* ClosestPoint+CoreDataProperties.swift in Sources */ = {isa = PBXBuildFile; fileRef = DD5073C420472ED9001865A3 /* ClosestPoint+CoreDataProperties.swift */; };
		DD5073D520472EDA001865A3 /* MotorResult+CoreDataClass.swift in Sources */ = {isa = PBXBuildFile; fileRef = DD5073C520472EDA001865A3 /* MotorResult+CoreDataClass.swift */; };
		DD5073D620472EDA001865A3 /* Point+CoreDataProperties.swift in Sources */ = {isa = PBXBuildFile; fileRef = DD5073C620472EDA001865A3 /* Point+CoreDataProperties.swift */; };
		DD5073D720472EDA001865A3 /* PictureResult+CoreDataClass.swift in Sources */ = {isa = PBXBuildFile; fileRef = DD5073C720472EDA001865A3 /* PictureResult+CoreDataClass.swift */; };
		DD5073D820472EDA001865A3 /* MotorResult+CoreDataProperties.swift in Sources */ = {isa = PBXBuildFile; fileRef = DD5073C820472EDA001865A3 /* MotorResult+CoreDataProperties.swift */; };
		DD708D52203AA0EC00C8DBFD /* DummyData.swift in Sources */ = {isa = PBXBuildFile; fileRef = DD708D51203AA0EC00C8DBFD /* DummyData.swift */; };
		DD7C06612033E3360097C49B /* CommonStruct.swift in Sources */ = {isa = PBXBuildFile; fileRef = DD7C06602033E3360097C49B /* CommonStruct.swift */; };
		DD7C06632033E59D0097C49B /* SwiftyJSON.framework in Frameworks */ = {isa = PBXBuildFile; fileRef = DD7C06622033E59C0097C49B /* SwiftyJSON.framework */; };
		DD7C06652034118E0097C49B /* VerifyTokenViewController.swift in Sources */ = {isa = PBXBuildFile; fileRef = DD7C06642034118E0097C49B /* VerifyTokenViewController.swift */; };
		DD855BD8203237EB00C8DCD7 /* Alamofire.framework in Frameworks */ = {isa = PBXBuildFile; fileRef = DD855BD7203237EB00C8DCD7 /* Alamofire.framework */; };
		DD855BDB2033724F00C8DCD7 /* Utils.swift in Sources */ = {isa = PBXBuildFile; fileRef = DD855BDA2033724F00C8DCD7 /* Utils.swift */; };
		DD855BDD2033C4E300C8DCD7 /* Extension.swift in Sources */ = {isa = PBXBuildFile; fileRef = DD855BDC2033C4E300C8DCD7 /* Extension.swift */; };
		DD9D1E5C20313534007AEBB4 /* AppDelegate.swift in Sources */ = {isa = PBXBuildFile; fileRef = DD9D1E5B20313534007AEBB4 /* AppDelegate.swift */; };
		DD9D1E5E20313534007AEBB4 /* SignupViewController.swift in Sources */ = {isa = PBXBuildFile; fileRef = DD9D1E5D20313534007AEBB4 /* SignupViewController.swift */; };
		DD9D1E6120313534007AEBB4 /* Main.storyboard in Resources */ = {isa = PBXBuildFile; fileRef = DD9D1E5F20313534007AEBB4 /* Main.storyboard */; };
		DD9D1E6420313534007AEBB4 /* cimonv2.xcdatamodeld in Sources */ = {isa = PBXBuildFile; fileRef = DD9D1E6220313534007AEBB4 /* cimonv2.xcdatamodeld */; };
		DD9D1E6620313534007AEBB4 /* Assets.xcassets in Resources */ = {isa = PBXBuildFile; fileRef = DD9D1E6520313534007AEBB4 /* Assets.xcassets */; };
		DD9D1E6920313534007AEBB4 /* LaunchScreen.storyboard in Resources */ = {isa = PBXBuildFile; fileRef = DD9D1E6720313534007AEBB4 /* LaunchScreen.storyboard */; };
		DD9D1E7420313534007AEBB4 /* cimonv2Tests.swift in Sources */ = {isa = PBXBuildFile; fileRef = DD9D1E7320313534007AEBB4 /* cimonv2Tests.swift */; };
		DD9D1E7F20313534007AEBB4 /* cimonv2UITests.swift in Sources */ = {isa = PBXBuildFile; fileRef = DD9D1E7E20313534007AEBB4 /* cimonv2UITests.swift */; };
		DD9D1EA72032205B007AEBB4 /* Home.storyboard in Resources */ = {isa = PBXBuildFile; fileRef = DD9D1EA62032205B007AEBB4 /* Home.storyboard */; };
		DD9D1EA92032207D007AEBB4 /* Task.storyboard in Resources */ = {isa = PBXBuildFile; fileRef = DD9D1EA82032207D007AEBB4 /* Task.storyboard */; };
		DD9D1EAB20322154007AEBB4 /* Label.storyboard in Resources */ = {isa = PBXBuildFile; fileRef = DD9D1EAA20322154007AEBB4 /* Label.storyboard */; };
		DD9D1EAD203221AE007AEBB4 /* Settings.storyboard in Resources */ = {isa = PBXBuildFile; fileRef = DD9D1EAC203221AE007AEBB4 /* Settings.storyboard */; };
/* End PBXBuildFile section */

/* Begin PBXContainerItemProxy section */
		DD9D1E7020313534007AEBB4 /* PBXContainerItemProxy */ = {
			isa = PBXContainerItemProxy;
			containerPortal = DD9D1E5020313534007AEBB4 /* Project object */;
			proxyType = 1;
			remoteGlobalIDString = DD9D1E5720313534007AEBB4;
			remoteInfo = cimonv2;
		};
		DD9D1E7B20313534007AEBB4 /* PBXContainerItemProxy */ = {
			isa = PBXContainerItemProxy;
			containerPortal = DD9D1E5020313534007AEBB4 /* Project object */;
			proxyType = 1;
			remoteGlobalIDString = DD9D1E5720313534007AEBB4;
			remoteInfo = cimonv2;
		};
/* End PBXContainerItemProxy section */

/* Begin PBXFileReference section */
		020256A120485C1600B1CD8A /* GameController.swift */ = {isa = PBXFileReference; fileEncoding = 4; lastKnownFileType = sourcecode.swift; path = GameController.swift; sourceTree = "<group>"; };
		020256A220485C1600B1CD8A /* CardCVC.swift */ = {isa = PBXFileReference; fileEncoding = 4; lastKnownFileType = sourcecode.swift; path = CardCVC.swift; sourceTree = "<group>"; };
		020256A320485C1700B1CD8A /* MemoryInfoViewController.swift */ = {isa = PBXFileReference; fileEncoding = 4; lastKnownFileType = sourcecode.swift; path = MemoryInfoViewController.swift; sourceTree = "<group>"; };
		020256A720485C3800B1CD8A /* MemoryGame.swift */ = {isa = PBXFileReference; lastKnownFileType = sourcecode.swift; path = MemoryGame.swift; sourceTree = "<group>"; };
		023BDC002044B0D600B1DD53 /* TargetGameViewController.swift */ = {isa = PBXFileReference; lastKnownFileType = sourcecode.swift; path = TargetGameViewController.swift; sourceTree = "<group>"; };
		023BDC1720463F5F00B1DD53 /* ViewController.swift */ = {isa = PBXFileReference; lastKnownFileType = sourcecode.swift; path = ViewController.swift; sourceTree = "<group>"; };
		023BDC1920463F8600B1DD53 /* chime.mp3 */ = {isa = PBXFileReference; lastKnownFileType = audio.mp3; path = chime.mp3; sourceTree = "<group>"; };
		023BDC1A20463F8700B1DD53 /* instruction_track.m4a */ = {isa = PBXFileReference; lastKnownFileType = file; path = instruction_track.m4a; sourceTree = "<group>"; };
		023BDC1B20463F8700B1DD53 /* tone.mp3 */ = {isa = PBXFileReference; lastKnownFileType = audio.mp3; path = tone.mp3; sourceTree = "<group>"; };
		DD5073392045A9EA001865A3 /* ActiveSurveyTableViewCell.swift */ = {isa = PBXFileReference; lastKnownFileType = sourcecode.swift; path = ActiveSurveyTableViewCell.swift; sourceTree = "<group>"; };
		DD50733B2045BEC4001865A3 /* ActiveSurveyListViewController.swift */ = {isa = PBXFileReference; lastKnownFileType = sourcecode.swift; path = ActiveSurveyListViewController.swift; sourceTree = "<group>"; };
		DD50738F2047259F001865A3 /* SignatureInfoViewController.swift */ = {isa = PBXFileReference; fileEncoding = 4; lastKnownFileType = sourcecode.swift; path = SignatureInfoViewController.swift; sourceTree = "<group>"; };
		DD5073902047259F001865A3 /* SignatureViewController.swift */ = {isa = PBXFileReference; fileEncoding = 4; lastKnownFileType = sourcecode.swift; path = SignatureViewController.swift; sourceTree = "<group>"; };
		DD5073912047259F001865A3 /* SigningView.swift */ = {isa = PBXFileReference; fileEncoding = 4; lastKnownFileType = sourcecode.swift; path = SigningView.swift; sourceTree = "<group>"; };
		DD507395204725B3001865A3 /* CoreBluetooth.framework */ = {isa = PBXFileReference; lastKnownFileType = wrapper.framework; name = CoreBluetooth.framework; path = System/Library/Frameworks/CoreBluetooth.framework; sourceTree = SDKROOT; };
		DD507397204725BB001865A3 /* CoreMotion.framework */ = {isa = PBXFileReference; lastKnownFileType = wrapper.framework; name = CoreMotion.framework; path = System/Library/Frameworks/CoreMotion.framework; sourceTree = SDKROOT; };
		DD507399204725CA001865A3 /* SystemConfiguration.framework */ = {isa = PBXFileReference; lastKnownFileType = wrapper.framework; name = SystemConfiguration.framework; path = System/Library/Frameworks/SystemConfiguration.framework; sourceTree = SDKROOT; };
		DD50739B204728B4001865A3 /* AdonitSDK.framework */ = {isa = PBXFileReference; lastKnownFileType = wrapper.framework; path = AdonitSDK.framework; sourceTree = "<group>"; };
		DD50739D204728C4001865A3 /* AdonitSDK.bundle */ = {isa = PBXFileReference; lastKnownFileType = "wrapper.plug-in"; path = AdonitSDK.bundle; sourceTree = "<group>"; };
		DD5073A020472BE4001865A3 /* cimonv2-Bridging-Header.h */ = {isa = PBXFileReference; lastKnownFileType = sourcecode.c.h; path = "cimonv2-Bridging-Header.h"; sourceTree = "<group>"; };
		DD5073A520472D73001865A3 /* StylusAcceleration+CoreDataClass.swift */ = {isa = PBXFileReference; fileEncoding = 4; lastKnownFileType = sourcecode.swift; path = "StylusAcceleration+CoreDataClass.swift"; sourceTree = "<group>"; };
		DD5073A620472D73001865A3 /* SignatureResult+CoreDataProperties.swift */ = {isa = PBXFileReference; fileEncoding = 4; lastKnownFileType = sourcecode.swift; path = "SignatureResult+CoreDataProperties.swift"; sourceTree = "<group>"; };
		DD5073A720472D73001865A3 /* StylusAcceleration+CoreDataProperties.swift */ = {isa = PBXFileReference; fileEncoding = 4; lastKnownFileType = sourcecode.swift; path = "StylusAcceleration+CoreDataProperties.swift"; sourceTree = "<group>"; };
		DD5073A820472D73001865A3 /* SignatureResult+CoreDataClass.swift */ = {isa = PBXFileReference; fileEncoding = 4; lastKnownFileType = sourcecode.swift; path = "SignatureResult+CoreDataClass.swift"; sourceTree = "<group>"; };
		DD5073AD20472E49001865A3 /* VisResult+CoreDataClass.swift */ = {isa = PBXFileReference; fileEncoding = 4; lastKnownFileType = sourcecode.swift; path = "VisResult+CoreDataClass.swift"; sourceTree = "<group>"; };
		DD5073AE20472E49001865A3 /* TraceResult+CoreDataClass.swift */ = {isa = PBXFileReference; fileEncoding = 4; lastKnownFileType = sourcecode.swift; path = "TraceResult+CoreDataClass.swift"; sourceTree = "<group>"; };
		DD5073AF20472E49001865A3 /* TraceResult+CoreDataProperties.swift */ = {isa = PBXFileReference; fileEncoding = 4; lastKnownFileType = sourcecode.swift; path = "TraceResult+CoreDataProperties.swift"; sourceTree = "<group>"; };
		DD5073B020472E49001865A3 /* VisResult+CoreDataProperties.swift */ = {isa = PBXFileReference; fileEncoding = 4; lastKnownFileType = sourcecode.swift; path = "VisResult+CoreDataProperties.swift"; sourceTree = "<group>"; };
		DD5073B120472E49001865A3 /* ConnectResult+CoreDataProperties.swift */ = {isa = PBXFileReference; fileEncoding = 4; lastKnownFileType = sourcecode.swift; path = "ConnectResult+CoreDataProperties.swift"; sourceTree = "<group>"; };
		DD5073B220472E49001865A3 /* ConnectResult+CoreDataClass.swift */ = {isa = PBXFileReference; fileEncoding = 4; lastKnownFileType = sourcecode.swift; path = "ConnectResult+CoreDataClass.swift"; sourceTree = "<group>"; };
		DD5073B920472ED8001865A3 /* ColorResult+CoreDataProperties.swift */ = {isa = PBXFileReference; fileEncoding = 4; lastKnownFileType = sourcecode.swift; path = "ColorResult+CoreDataProperties.swift"; sourceTree = "<group>"; };
		DD5073BA20472ED8001865A3 /* PictureResult+CoreDataProperties.swift */ = {isa = PBXFileReference; fileEncoding = 4; lastKnownFileType = sourcecode.swift; path = "PictureResult+CoreDataProperties.swift"; sourceTree = "<group>"; };
		DD5073BB20472ED8001865A3 /* FallingBallResult+CoreDataClass.swift */ = {isa = PBXFileReference; fileEncoding = 4; lastKnownFileType = sourcecode.swift; path = "FallingBallResult+CoreDataClass.swift"; sourceTree = "<group>"; };
		DD5073BC20472ED8001865A3 /* DeviceAcceleration+CoreDataClass.swift */ = {isa = PBXFileReference; fileEncoding = 4; lastKnownFileType = sourcecode.swift; path = "DeviceAcceleration+CoreDataClass.swift"; sourceTree = "<group>"; };
		DD5073BD20472ED9001865A3 /* DeviceAcceleration+CoreDataProperties.swift */ = {isa = PBXFileReference; fileEncoding = 4; lastKnownFileType = sourcecode.swift; path = "DeviceAcceleration+CoreDataProperties.swift"; sourceTree = "<group>"; };
		DD5073BE20472ED9001865A3 /* FallingBallResult+CoreDataProperties.swift */ = {isa = PBXFileReference; fileEncoding = 4; lastKnownFileType = sourcecode.swift; path = "FallingBallResult+CoreDataProperties.swift"; sourceTree = "<group>"; };
		DD5073BF20472ED9001865A3 /* MemoryResult+CoreDataProperties.swift */ = {isa = PBXFileReference; fileEncoding = 4; lastKnownFileType = sourcecode.swift; path = "MemoryResult+CoreDataProperties.swift"; sourceTree = "<group>"; };
		DD5073C020472ED9001865A3 /* Point+CoreDataClass.swift */ = {isa = PBXFileReference; fileEncoding = 4; lastKnownFileType = sourcecode.swift; path = "Point+CoreDataClass.swift"; sourceTree = "<group>"; };
		DD5073C120472ED9001865A3 /* MemoryResult+CoreDataClass.swift */ = {isa = PBXFileReference; fileEncoding = 4; lastKnownFileType = sourcecode.swift; path = "MemoryResult+CoreDataClass.swift"; sourceTree = "<group>"; };
		DD5073C220472ED9001865A3 /* ClosestPoint+CoreDataClass.swift */ = {isa = PBXFileReference; fileEncoding = 4; lastKnownFileType = sourcecode.swift; path = "ClosestPoint+CoreDataClass.swift"; sourceTree = "<group>"; };
		DD5073C320472ED9001865A3 /* ColorResult+CoreDataClass.swift */ = {isa = PBXFileReference; fileEncoding = 4; lastKnownFileType = sourcecode.swift; path = "ColorResult+CoreDataClass.swift"; sourceTree = "<group>"; };
		DD5073C420472ED9001865A3 /* ClosestPoint+CoreDataProperties.swift */ = {isa = PBXFileReference; fileEncoding = 4; lastKnownFileType = sourcecode.swift; path = "ClosestPoint+CoreDataProperties.swift"; sourceTree = "<group>"; };
		DD5073C520472EDA001865A3 /* MotorResult+CoreDataClass.swift */ = {isa = PBXFileReference; fileEncoding = 4; lastKnownFileType = sourcecode.swift; path = "MotorResult+CoreDataClass.swift"; sourceTree = "<group>"; };
		DD5073C620472EDA001865A3 /* Point+CoreDataProperties.swift */ = {isa = PBXFileReference; fileEncoding = 4; lastKnownFileType = sourcecode.swift; path = "Point+CoreDataProperties.swift"; sourceTree = "<group>"; };
		DD5073C720472EDA001865A3 /* PictureResult+CoreDataClass.swift */ = {isa = PBXFileReference; fileEncoding = 4; lastKnownFileType = sourcecode.swift; path = "PictureResult+CoreDataClass.swift"; sourceTree = "<group>"; };
		DD5073C820472EDA001865A3 /* MotorResult+CoreDataProperties.swift */ = {isa = PBXFileReference; fileEncoding = 4; lastKnownFileType = sourcecode.swift; path = "MotorResult+CoreDataProperties.swift"; sourceTree = "<group>"; };
		DD708D51203AA0EC00C8DBFD /* DummyData.swift */ = {isa = PBXFileReference; lastKnownFileType = sourcecode.swift; path = DummyData.swift; sourceTree = "<group>"; };
		DD7C06602033E3360097C49B /* CommonStruct.swift */ = {isa = PBXFileReference; lastKnownFileType = sourcecode.swift; path = CommonStruct.swift; sourceTree = "<group>"; };
		DD7C06622033E59C0097C49B /* SwiftyJSON.framework */ = {isa = PBXFileReference; lastKnownFileType = wrapper.framework; name = SwiftyJSON.framework; path = Carthage/Build/iOS/SwiftyJSON.framework; sourceTree = "<group>"; };
		DD7C06642034118E0097C49B /* VerifyTokenViewController.swift */ = {isa = PBXFileReference; lastKnownFileType = sourcecode.swift; path = VerifyTokenViewController.swift; sourceTree = "<group>"; };
		DD855BD7203237EB00C8DCD7 /* Alamofire.framework */ = {isa = PBXFileReference; lastKnownFileType = wrapper.framework; name = Alamofire.framework; path = Carthage/Build/iOS/Alamofire.framework; sourceTree = "<group>"; };
		DD855BDA2033724F00C8DCD7 /* Utils.swift */ = {isa = PBXFileReference; lastKnownFileType = sourcecode.swift; path = Utils.swift; sourceTree = "<group>"; };
		DD855BDC2033C4E300C8DCD7 /* Extension.swift */ = {isa = PBXFileReference; lastKnownFileType = sourcecode.swift; path = Extension.swift; sourceTree = "<group>"; };
		DD9D1E5820313534007AEBB4 /* cimonv2.app */ = {isa = PBXFileReference; explicitFileType = wrapper.application; includeInIndex = 0; path = cimonv2.app; sourceTree = BUILT_PRODUCTS_DIR; };
		DD9D1E5B20313534007AEBB4 /* AppDelegate.swift */ = {isa = PBXFileReference; lastKnownFileType = sourcecode.swift; path = AppDelegate.swift; sourceTree = "<group>"; };
		DD9D1E5D20313534007AEBB4 /* SignupViewController.swift */ = {isa = PBXFileReference; lastKnownFileType = sourcecode.swift; path = SignupViewController.swift; sourceTree = "<group>"; };
		DD9D1E6020313534007AEBB4 /* Base */ = {isa = PBXFileReference; lastKnownFileType = file.storyboard; name = Base; path = Base.lproj/Main.storyboard; sourceTree = "<group>"; };
		DD9D1E6320313534007AEBB4 /* cimonv2.xcdatamodel */ = {isa = PBXFileReference; lastKnownFileType = wrapper.xcdatamodel; path = cimonv2.xcdatamodel; sourceTree = "<group>"; };
		DD9D1E6520313534007AEBB4 /* Assets.xcassets */ = {isa = PBXFileReference; lastKnownFileType = folder.assetcatalog; path = Assets.xcassets; sourceTree = "<group>"; };
		DD9D1E6820313534007AEBB4 /* Base */ = {isa = PBXFileReference; lastKnownFileType = file.storyboard; name = Base; path = Base.lproj/LaunchScreen.storyboard; sourceTree = "<group>"; };
		DD9D1E6A20313534007AEBB4 /* Info.plist */ = {isa = PBXFileReference; lastKnownFileType = text.plist.xml; path = Info.plist; sourceTree = "<group>"; };
		DD9D1E6F20313534007AEBB4 /* cimonv2Tests.xctest */ = {isa = PBXFileReference; explicitFileType = wrapper.cfbundle; includeInIndex = 0; path = cimonv2Tests.xctest; sourceTree = BUILT_PRODUCTS_DIR; };
		DD9D1E7320313534007AEBB4 /* cimonv2Tests.swift */ = {isa = PBXFileReference; lastKnownFileType = sourcecode.swift; path = cimonv2Tests.swift; sourceTree = "<group>"; };
		DD9D1E7520313534007AEBB4 /* Info.plist */ = {isa = PBXFileReference; lastKnownFileType = text.plist.xml; path = Info.plist; sourceTree = "<group>"; };
		DD9D1E7A20313534007AEBB4 /* cimonv2UITests.xctest */ = {isa = PBXFileReference; explicitFileType = wrapper.cfbundle; includeInIndex = 0; path = cimonv2UITests.xctest; sourceTree = BUILT_PRODUCTS_DIR; };
		DD9D1E7E20313534007AEBB4 /* cimonv2UITests.swift */ = {isa = PBXFileReference; lastKnownFileType = sourcecode.swift; path = cimonv2UITests.swift; sourceTree = "<group>"; };
		DD9D1E8020313534007AEBB4 /* Info.plist */ = {isa = PBXFileReference; lastKnownFileType = text.plist.xml; path = Info.plist; sourceTree = "<group>"; };
		DD9D1EA62032205B007AEBB4 /* Home.storyboard */ = {isa = PBXFileReference; fileEncoding = 4; lastKnownFileType = file.storyboard; path = Home.storyboard; sourceTree = "<group>"; };
		DD9D1EA82032207D007AEBB4 /* Task.storyboard */ = {isa = PBXFileReference; fileEncoding = 4; lastKnownFileType = file.storyboard; path = Task.storyboard; sourceTree = "<group>"; };
		DD9D1EAA20322154007AEBB4 /* Label.storyboard */ = {isa = PBXFileReference; fileEncoding = 4; lastKnownFileType = file.storyboard; path = Label.storyboard; sourceTree = "<group>"; };
		DD9D1EAC203221AE007AEBB4 /* Settings.storyboard */ = {isa = PBXFileReference; fileEncoding = 4; lastKnownFileType = file.storyboard; path = Settings.storyboard; sourceTree = "<group>"; };
/* End PBXFileReference section */

/* Begin PBXFrameworksBuildPhase section */
		DD9D1E5520313534007AEBB4 /* Frameworks */ = {
			isa = PBXFrameworksBuildPhase;
			buildActionMask = 2147483647;
			files = (
				DD50739A204725CA001865A3 /* SystemConfiguration.framework in Frameworks */,
				DD507398204725BB001865A3 /* CoreMotion.framework in Frameworks */,
				DD50739C204728B5001865A3 /* AdonitSDK.framework in Frameworks */,
				DD507396204725B3001865A3 /* CoreBluetooth.framework in Frameworks */,
				DD7C06632033E59D0097C49B /* SwiftyJSON.framework in Frameworks */,
				DD855BD8203237EB00C8DCD7 /* Alamofire.framework in Frameworks */,
			);
			runOnlyForDeploymentPostprocessing = 0;
		};
		DD9D1E6C20313534007AEBB4 /* Frameworks */ = {
			isa = PBXFrameworksBuildPhase;
			buildActionMask = 2147483647;
			files = (
			);
			runOnlyForDeploymentPostprocessing = 0;
		};
		DD9D1E7720313534007AEBB4 /* Frameworks */ = {
			isa = PBXFrameworksBuildPhase;
			buildActionMask = 2147483647;
			files = (
			);
			runOnlyForDeploymentPostprocessing = 0;
		};
/* End PBXFrameworksBuildPhase section */

/* Begin PBXGroup section */
		020256A020485BA800B1CD8A /* MemoryTask */ = {
			isa = PBXGroup;
			children = (
				020256A220485C1600B1CD8A /* CardCVC.swift */,
				020256A120485C1600B1CD8A /* GameController.swift */,
				020256A320485C1700B1CD8A /* MemoryInfoViewController.swift */,
				020256A720485C3800B1CD8A /* MemoryGame.swift */,
			);
			path = MemoryTask;
			sourceTree = "<group>";
		};
		023BDBFF2044B0A600B1DD53 /* TargetTask */ = {
			isa = PBXGroup;
			children = (
				023BDC002044B0D600B1DD53 /* TargetGameViewController.swift */,
			);
			path = TargetTask;
			sourceTree = "<group>";
		};
		023BDC1620463F4400B1DD53 /* BalanceTask */ = {
			isa = PBXGroup;
			children = (
				023BDC1720463F5F00B1DD53 /* ViewController.swift */,
				023BDC1920463F8600B1DD53 /* chime.mp3 */,
				023BDC1A20463F8700B1DD53 /* instruction_track.m4a */,
				023BDC1B20463F8700B1DD53 /* tone.mp3 */,
			);
			path = BalanceTask;
			sourceTree = "<group>";
		};
		DD50738E2047256D001865A3 /* SignatureTask */ = {
			isa = PBXGroup;
			children = (
				DD50738F2047259F001865A3 /* SignatureInfoViewController.swift */,
				DD5073902047259F001865A3 /* SignatureViewController.swift */,
				DD5073912047259F001865A3 /* SigningView.swift */,
			);
			path = SignatureTask;
			sourceTree = "<group>";
		};
		DD5073A420472D55001865A3 /* TaskUtils */ = {
			isa = PBXGroup;
			children = (
				DD5073C220472ED9001865A3 /* ClosestPoint+CoreDataClass.swift */,
				DD5073C420472ED9001865A3 /* ClosestPoint+CoreDataProperties.swift */,
				DD5073C320472ED9001865A3 /* ColorResult+CoreDataClass.swift */,
				DD5073B920472ED8001865A3 /* ColorResult+CoreDataProperties.swift */,
				DD5073BC20472ED8001865A3 /* DeviceAcceleration+CoreDataClass.swift */,
				DD5073BD20472ED9001865A3 /* DeviceAcceleration+CoreDataProperties.swift */,
				DD5073BB20472ED8001865A3 /* FallingBallResult+CoreDataClass.swift */,
				DD5073BE20472ED9001865A3 /* FallingBallResult+CoreDataProperties.swift */,
				DD5073C120472ED9001865A3 /* MemoryResult+CoreDataClass.swift */,
				DD5073BF20472ED9001865A3 /* MemoryResult+CoreDataProperties.swift */,
				DD5073C520472EDA001865A3 /* MotorResult+CoreDataClass.swift */,
				DD5073C820472EDA001865A3 /* MotorResult+CoreDataProperties.swift */,
				DD5073C720472EDA001865A3 /* PictureResult+CoreDataClass.swift */,
				DD5073BA20472ED8001865A3 /* PictureResult+CoreDataProperties.swift */,
				DD5073C020472ED9001865A3 /* Point+CoreDataClass.swift */,
				DD5073C620472EDA001865A3 /* Point+CoreDataProperties.swift */,
				DD5073B220472E49001865A3 /* ConnectResult+CoreDataClass.swift */,
				DD5073B120472E49001865A3 /* ConnectResult+CoreDataProperties.swift */,
				DD5073AE20472E49001865A3 /* TraceResult+CoreDataClass.swift */,
				DD5073AF20472E49001865A3 /* TraceResult+CoreDataProperties.swift */,
				DD5073AD20472E49001865A3 /* VisResult+CoreDataClass.swift */,
				DD5073B020472E49001865A3 /* VisResult+CoreDataProperties.swift */,
				DD5073A820472D73001865A3 /* SignatureResult+CoreDataClass.swift */,
				DD5073A620472D73001865A3 /* SignatureResult+CoreDataProperties.swift */,
				DD5073A520472D73001865A3 /* StylusAcceleration+CoreDataClass.swift */,
				DD5073A720472D73001865A3 /* StylusAcceleration+CoreDataProperties.swift */,
			);
			path = TaskUtils;
			sourceTree = "<group>";
		};
		DD855BD6203237EB00C8DCD7 /* Frameworks */ = {
			isa = PBXGroup;
			children = (
				DD50739D204728C4001865A3 /* AdonitSDK.bundle */,
				DD50739B204728B4001865A3 /* AdonitSDK.framework */,
				DD507399204725CA001865A3 /* SystemConfiguration.framework */,
				DD507397204725BB001865A3 /* CoreMotion.framework */,
				DD507395204725B3001865A3 /* CoreBluetooth.framework */,
				DD7C06622033E59C0097C49B /* SwiftyJSON.framework */,
				DD855BD7203237EB00C8DCD7 /* Alamofire.framework */,
			);
			name = Frameworks;
			sourceTree = "<group>";
		};
		DD9D1E4F20313534007AEBB4 = {
			isa = PBXGroup;
			children = (
				DD9D1E5A20313534007AEBB4 /* cimonv2 */,
				DD9D1E7220313534007AEBB4 /* cimonv2Tests */,
				DD9D1E7D20313534007AEBB4 /* cimonv2UITests */,
				DD9D1E5920313534007AEBB4 /* Products */,
				DD855BD6203237EB00C8DCD7 /* Frameworks */,
				DD5073A020472BE4001865A3 /* cimonv2-Bridging-Header.h */,
			);
			sourceTree = "<group>";
		};
		DD9D1E5920313534007AEBB4 /* Products */ = {
			isa = PBXGroup;
			children = (
				DD9D1E5820313534007AEBB4 /* cimonv2.app */,
				DD9D1E6F20313534007AEBB4 /* cimonv2Tests.xctest */,
				DD9D1E7A20313534007AEBB4 /* cimonv2UITests.xctest */,
			);
			name = Products;
			sourceTree = "<group>";
		};
		DD9D1E5A20313534007AEBB4 /* cimonv2 */ = {
			isa = PBXGroup;
			children = (
				DD9D1E99203141AA007AEBB4 /* CommonUtils */,
				DD9D1E982031419D007AEBB4 /* Database */,
				DD9D1E962031418A007AEBB4 /* RESTServices */,
				DD9D1E9520314148007AEBB4 /* Scheduler */,
				DD9D1E9420314125007AEBB4 /* SettingsManagement */,
				DD9D1E92203140D2007AEBB4 /* TaskManagement */,
				DD9D1E91203140B6007AEBB4 /* LabelManagement */,
				DD9D1E8F20314093007AEBB4 /* HomeManagement */,
				DD9D1E5B20313534007AEBB4 /* AppDelegate.swift */,
				DD9D1E5D20313534007AEBB4 /* SignupViewController.swift */,
				DD9D1E5F20313534007AEBB4 /* Main.storyboard */,
				DD7C06642034118E0097C49B /* VerifyTokenViewController.swift */,
				DD9D1E6520313534007AEBB4 /* Assets.xcassets */,
				DD9D1E6720313534007AEBB4 /* LaunchScreen.storyboard */,
				DD9D1E6A20313534007AEBB4 /* Info.plist */,
				DD9D1E6220313534007AEBB4 /* cimonv2.xcdatamodeld */,
			);
			path = cimonv2;
			sourceTree = "<group>";
		};
		DD9D1E7220313534007AEBB4 /* cimonv2Tests */ = {
			isa = PBXGroup;
			children = (
				DD9D1E7320313534007AEBB4 /* cimonv2Tests.swift */,
				DD9D1E7520313534007AEBB4 /* Info.plist */,
			);
			path = cimonv2Tests;
			sourceTree = "<group>";
		};
		DD9D1E7D20313534007AEBB4 /* cimonv2UITests */ = {
			isa = PBXGroup;
			children = (
				DD9D1E7E20313534007AEBB4 /* cimonv2UITests.swift */,
				DD9D1E8020313534007AEBB4 /* Info.plist */,
			);
			path = cimonv2UITests;
			sourceTree = "<group>";
		};
		DD9D1E8F20314093007AEBB4 /* HomeManagement */ = {
			isa = PBXGroup;
			children = (
				DD9D1EA62032205B007AEBB4 /* Home.storyboard */,
			);
			path = HomeManagement;
			sourceTree = "<group>";
		};
		DD9D1E91203140B6007AEBB4 /* LabelManagement */ = {
			isa = PBXGroup;
			children = (
				DD9D1EAA20322154007AEBB4 /* Label.storyboard */,
			);
			path = LabelManagement;
			sourceTree = "<group>";
		};
		DD9D1E92203140D2007AEBB4 /* TaskManagement */ = {
			isa = PBXGroup;
			children = (
				020256A020485BA800B1CD8A /* MemoryTask */,
				DD5073A420472D55001865A3 /* TaskUtils */,
				DD50738E2047256D001865A3 /* SignatureTask */,
				023BDC1620463F4400B1DD53 /* BalanceTask */,
				023BDBFF2044B0A600B1DD53 /* TargetTask */,
				DD9D1EA82032207D007AEBB4 /* Task.storyboard */,
				DD5073392045A9EA001865A3 /* ActiveSurveyTableViewCell.swift */,
				DD50733B2045BEC4001865A3 /* ActiveSurveyListViewController.swift */,
			);
			path = TaskManagement;
			sourceTree = "<group>";
		};
		DD9D1E9420314125007AEBB4 /* SettingsManagement */ = {
			isa = PBXGroup;
			children = (
				DD9D1EAC203221AE007AEBB4 /* Settings.storyboard */,
			);
			path = SettingsManagement;
			sourceTree = "<group>";
		};
		DD9D1E9520314148007AEBB4 /* Scheduler */ = {
			isa = PBXGroup;
			children = (
			);
			path = Scheduler;
			sourceTree = "<group>";
		};
		DD9D1E962031418A007AEBB4 /* RESTServices */ = {
			isa = PBXGroup;
			children = (
			);
			path = RESTServices;
			sourceTree = "<group>";
		};
		DD9D1E982031419D007AEBB4 /* Database */ = {
			isa = PBXGroup;
			children = (
			);
			path = Database;
			sourceTree = "<group>";
		};
		DD9D1E99203141AA007AEBB4 /* CommonUtils */ = {
			isa = PBXGroup;
			children = (
				DD855BDA2033724F00C8DCD7 /* Utils.swift */,
				DD855BDC2033C4E300C8DCD7 /* Extension.swift */,
				DD7C06602033E3360097C49B /* CommonStruct.swift */,
				DD708D51203AA0EC00C8DBFD /* DummyData.swift */,
			);
			path = CommonUtils;
			sourceTree = "<group>";
		};
/* End PBXGroup section */

/* Begin PBXNativeTarget section */
		DD9D1E5720313534007AEBB4 /* cimonv2 */ = {
			isa = PBXNativeTarget;
			buildConfigurationList = DD9D1E8320313534007AEBB4 /* Build configuration list for PBXNativeTarget "cimonv2" */;
			buildPhases = (
				DD9D1E5420313534007AEBB4 /* Sources */,
				DD9D1E5520313534007AEBB4 /* Frameworks */,
				DD9D1E5620313534007AEBB4 /* Resources */,
				DD855BD92032383800C8DCD7 /* ShellScript */,
			);
			buildRules = (
			);
			dependencies = (
			);
			name = cimonv2;
			productName = cimonv2;
			productReference = DD9D1E5820313534007AEBB4 /* cimonv2.app */;
			productType = "com.apple.product-type.application";
		};
		DD9D1E6E20313534007AEBB4 /* cimonv2Tests */ = {
			isa = PBXNativeTarget;
			buildConfigurationList = DD9D1E8620313534007AEBB4 /* Build configuration list for PBXNativeTarget "cimonv2Tests" */;
			buildPhases = (
				DD9D1E6B20313534007AEBB4 /* Sources */,
				DD9D1E6C20313534007AEBB4 /* Frameworks */,
				DD9D1E6D20313534007AEBB4 /* Resources */,
			);
			buildRules = (
			);
			dependencies = (
				DD9D1E7120313534007AEBB4 /* PBXTargetDependency */,
			);
			name = cimonv2Tests;
			productName = cimonv2Tests;
			productReference = DD9D1E6F20313534007AEBB4 /* cimonv2Tests.xctest */;
			productType = "com.apple.product-type.bundle.unit-test";
		};
		DD9D1E7920313534007AEBB4 /* cimonv2UITests */ = {
			isa = PBXNativeTarget;
			buildConfigurationList = DD9D1E8920313534007AEBB4 /* Build configuration list for PBXNativeTarget "cimonv2UITests" */;
			buildPhases = (
				DD9D1E7620313534007AEBB4 /* Sources */,
				DD9D1E7720313534007AEBB4 /* Frameworks */,
				DD9D1E7820313534007AEBB4 /* Resources */,
			);
			buildRules = (
			);
			dependencies = (
				DD9D1E7C20313534007AEBB4 /* PBXTargetDependency */,
			);
			name = cimonv2UITests;
			productName = cimonv2UITests;
			productReference = DD9D1E7A20313534007AEBB4 /* cimonv2UITests.xctest */;
			productType = "com.apple.product-type.bundle.ui-testing";
		};
/* End PBXNativeTarget section */

/* Begin PBXProject section */
		DD9D1E5020313534007AEBB4 /* Project object */ = {
			isa = PBXProject;
			attributes = {
				LastSwiftUpdateCheck = 0920;
				LastUpgradeCheck = 0920;
				ORGANIZATIONNAME = "Afzal Hossain";
				TargetAttributes = {
					DD9D1E5720313534007AEBB4 = {
						CreatedOnToolsVersion = 9.2;
						LastSwiftMigration = 0920;
						ProvisioningStyle = Automatic;
					};
					DD9D1E6E20313534007AEBB4 = {
						CreatedOnToolsVersion = 9.2;
						ProvisioningStyle = Automatic;
						TestTargetID = DD9D1E5720313534007AEBB4;
					};
					DD9D1E7920313534007AEBB4 = {
						CreatedOnToolsVersion = 9.2;
						ProvisioningStyle = Automatic;
						TestTargetID = DD9D1E5720313534007AEBB4;
					};
				};
			};
			buildConfigurationList = DD9D1E5320313534007AEBB4 /* Build configuration list for PBXProject "cimonv2" */;
			compatibilityVersion = "Xcode 8.0";
			developmentRegion = en;
			hasScannedForEncodings = 0;
			knownRegions = (
				en,
				Base,
			);
			mainGroup = DD9D1E4F20313534007AEBB4;
			productRefGroup = DD9D1E5920313534007AEBB4 /* Products */;
			projectDirPath = "";
			projectRoot = "";
			targets = (
				DD9D1E5720313534007AEBB4 /* cimonv2 */,
				DD9D1E6E20313534007AEBB4 /* cimonv2Tests */,
				DD9D1E7920313534007AEBB4 /* cimonv2UITests */,
			);
		};
/* End PBXProject section */

/* Begin PBXResourcesBuildPhase section */
		DD9D1E5620313534007AEBB4 /* Resources */ = {
			isa = PBXResourcesBuildPhase;
			buildActionMask = 2147483647;
			files = (
				DD9D1EA92032207D007AEBB4 /* Task.storyboard in Resources */,
				DD50739E204728C5001865A3 /* AdonitSDK.bundle in Resources */,
				023BDC1D20463F8700B1DD53 /* instruction_track.m4a in Resources */,
				DD9D1E6920313534007AEBB4 /* LaunchScreen.storyboard in Resources */,
				DD9D1E6620313534007AEBB4 /* Assets.xcassets in Resources */,
				DD9D1EAB20322154007AEBB4 /* Label.storyboard in Resources */,
				DD9D1E6120313534007AEBB4 /* Main.storyboard in Resources */,
				023BDC1E20463F8700B1DD53 /* tone.mp3 in Resources */,
				023BDC1C20463F8700B1DD53 /* chime.mp3 in Resources */,
				DD9D1EA72032205B007AEBB4 /* Home.storyboard in Resources */,
				DD9D1EAD203221AE007AEBB4 /* Settings.storyboard in Resources */,
			);
			runOnlyForDeploymentPostprocessing = 0;
		};
		DD9D1E6D20313534007AEBB4 /* Resources */ = {
			isa = PBXResourcesBuildPhase;
			buildActionMask = 2147483647;
			files = (
			);
			runOnlyForDeploymentPostprocessing = 0;
		};
		DD9D1E7820313534007AEBB4 /* Resources */ = {
			isa = PBXResourcesBuildPhase;
			buildActionMask = 2147483647;
			files = (
			);
			runOnlyForDeploymentPostprocessing = 0;
		};
/* End PBXResourcesBuildPhase section */

/* Begin PBXShellScriptBuildPhase section */
		DD855BD92032383800C8DCD7 /* ShellScript */ = {
			isa = PBXShellScriptBuildPhase;
			buildActionMask = 2147483647;
			files = (
			);
			inputPaths = (
				"$(SRCROOT)/Carthage/Build/iOS/Alamofire.framework",
				"$(SRCROOT)/Carthage/Build/iOS/SwiftyJSON.framework",
			);
			outputPaths = (
			);
			runOnlyForDeploymentPostprocessing = 0;
			shellPath = /bin/sh;
			shellScript = "/usr/local/bin/carthage copy-frameworks";
		};
/* End PBXShellScriptBuildPhase section */

/* Begin PBXSourcesBuildPhase section */
		DD9D1E5420313534007AEBB4 /* Sources */ = {
			isa = PBXSourcesBuildPhase;
			buildActionMask = 2147483647;
			files = (
				DD507394204725A0001865A3 /* SigningView.swift in Sources */,
				DD5073AB20472D73001865A3 /* StylusAcceleration+CoreDataProperties.swift in Sources */,
				DD5073D220472EDA001865A3 /* ClosestPoint+CoreDataClass.swift in Sources */,
				DD5073D020472EDA001865A3 /* Point+CoreDataClass.swift in Sources */,
				DD50733C2045BEC4001865A3 /* ActiveSurveyListViewController.swift in Sources */,
				DD5073B720472E49001865A3 /* ConnectResult+CoreDataProperties.swift in Sources */,
				DD5073D420472EDA001865A3 /* ClosestPoint+CoreDataProperties.swift in Sources */,
				023BDC1820463F5F00B1DD53 /* ViewController.swift in Sources */,
				DD9D1E6420313534007AEBB4 /* cimonv2.xcdatamodeld in Sources */,
				DD5073D120472EDA001865A3 /* MemoryResult+CoreDataClass.swift in Sources */,
				023BDC012044B0D600B1DD53 /* TargetGameViewController.swift in Sources */,
				DD5073D820472EDA001865A3 /* MotorResult+CoreDataProperties.swift in Sources */,
				DD5073B620472E49001865A3 /* VisResult+CoreDataProperties.swift in Sources */,
				020256A420485C1700B1CD8A /* GameController.swift in Sources */,
				DD5073D720472EDA001865A3 /* PictureResult+CoreDataClass.swift in Sources */,
				DD5073B520472E49001865A3 /* TraceResult+CoreDataProperties.swift in Sources */,
				DD5073D620472EDA001865A3 /* Point+CoreDataProperties.swift in Sources */,
				DD5073CD20472EDA001865A3 /* DeviceAcceleration+CoreDataProperties.swift in Sources */,
				DD5073CE20472EDA001865A3 /* FallingBallResult+CoreDataProperties.swift in Sources */,
				DD7C06652034118E0097C49B /* VerifyTokenViewController.swift in Sources */,
				DD7C06612033E3360097C49B /* CommonStruct.swift in Sources */,
				DD507393204725A0001865A3 /* SignatureViewController.swift in Sources */,
				DD5073CC20472EDA001865A3 /* DeviceAcceleration+CoreDataClass.swift in Sources */,
				DD5073CF20472EDA001865A3 /* MemoryResult+CoreDataProperties.swift in Sources */,
				DD5073B820472E49001865A3 /* ConnectResult+CoreDataClass.swift in Sources */,
				DD708D52203AA0EC00C8DBFD /* DummyData.swift in Sources */,
				DD855BDD2033C4E300C8DCD7 /* Extension.swift in Sources */,
				020256A820485C3800B1CD8A /* MemoryGame.swift in Sources */,
				DD5073CB20472EDA001865A3 /* FallingBallResult+CoreDataClass.swift in Sources */,
				DD9D1E5E20313534007AEBB4 /* SignupViewController.swift in Sources */,
				DD5073D320472EDA001865A3 /* ColorResult+CoreDataClass.swift in Sources */,
				DD9D1E5C20313534007AEBB4 /* AppDelegate.swift in Sources */,
				DD5073D520472EDA001865A3 /* MotorResult+CoreDataClass.swift in Sources */,
				020256A520485C1700B1CD8A /* CardCVC.swift in Sources */,
				DD5073B420472E49001865A3 /* TraceResult+CoreDataClass.swift in Sources */,
				DD5073CA20472EDA001865A3 /* PictureResult+CoreDataProperties.swift in Sources */,
				DD5073A920472D73001865A3 /* StylusAcceleration+CoreDataClass.swift in Sources */,
				DD855BDB2033724F00C8DCD7 /* Utils.swift in Sources */,
				020256A620485C1700B1CD8A /* MemoryInfoViewController.swift in Sources */,
				DD50733A2045A9EA001865A3 /* ActiveSurveyTableViewCell.swift in Sources */,
				DD5073AC20472D73001865A3 /* SignatureResult+CoreDataClass.swift in Sources */,
				DD5073C920472EDA001865A3 /* ColorResult+CoreDataProperties.swift in Sources */,
				DD507392204725A0001865A3 /* SignatureInfoViewController.swift in Sources */,
				DD5073B320472E49001865A3 /* VisResult+CoreDataClass.swift in Sources */,
				DD5073AA20472D73001865A3 /* SignatureResult+CoreDataProperties.swift in Sources */,
			);
			runOnlyForDeploymentPostprocessing = 0;
		};
		DD9D1E6B20313534007AEBB4 /* Sources */ = {
			isa = PBXSourcesBuildPhase;
			buildActionMask = 2147483647;
			files = (
				DD9D1E7420313534007AEBB4 /* cimonv2Tests.swift in Sources */,
			);
			runOnlyForDeploymentPostprocessing = 0;
		};
		DD9D1E7620313534007AEBB4 /* Sources */ = {
			isa = PBXSourcesBuildPhase;
			buildActionMask = 2147483647;
			files = (
				DD9D1E7F20313534007AEBB4 /* cimonv2UITests.swift in Sources */,
			);
			runOnlyForDeploymentPostprocessing = 0;
		};
/* End PBXSourcesBuildPhase section */

/* Begin PBXTargetDependency section */
		DD9D1E7120313534007AEBB4 /* PBXTargetDependency */ = {
			isa = PBXTargetDependency;
			target = DD9D1E5720313534007AEBB4 /* cimonv2 */;
			targetProxy = DD9D1E7020313534007AEBB4 /* PBXContainerItemProxy */;
		};
		DD9D1E7C20313534007AEBB4 /* PBXTargetDependency */ = {
			isa = PBXTargetDependency;
			target = DD9D1E5720313534007AEBB4 /* cimonv2 */;
			targetProxy = DD9D1E7B20313534007AEBB4 /* PBXContainerItemProxy */;
		};
/* End PBXTargetDependency section */

/* Begin PBXVariantGroup section */
		DD9D1E5F20313534007AEBB4 /* Main.storyboard */ = {
			isa = PBXVariantGroup;
			children = (
				DD9D1E6020313534007AEBB4 /* Base */,
			);
			name = Main.storyboard;
			sourceTree = "<group>";
		};
		DD9D1E6720313534007AEBB4 /* LaunchScreen.storyboard */ = {
			isa = PBXVariantGroup;
			children = (
				DD9D1E6820313534007AEBB4 /* Base */,
			);
			name = LaunchScreen.storyboard;
			sourceTree = "<group>";
		};
/* End PBXVariantGroup section */

/* Begin XCBuildConfiguration section */
		DD9D1E8120313534007AEBB4 /* Debug */ = {
			isa = XCBuildConfiguration;
			buildSettings = {
				ALWAYS_SEARCH_USER_PATHS = NO;
				CLANG_ANALYZER_NONNULL = YES;
				CLANG_ANALYZER_NUMBER_OBJECT_CONVERSION = YES_AGGRESSIVE;
				CLANG_CXX_LANGUAGE_STANDARD = "gnu++14";
				CLANG_CXX_LIBRARY = "libc++";
				CLANG_ENABLE_MODULES = YES;
				CLANG_ENABLE_OBJC_ARC = YES;
				CLANG_WARN_BLOCK_CAPTURE_AUTORELEASING = YES;
				CLANG_WARN_BOOL_CONVERSION = YES;
				CLANG_WARN_COMMA = YES;
				CLANG_WARN_CONSTANT_CONVERSION = YES;
				CLANG_WARN_DIRECT_OBJC_ISA_USAGE = YES_ERROR;
				CLANG_WARN_DOCUMENTATION_COMMENTS = YES;
				CLANG_WARN_EMPTY_BODY = YES;
				CLANG_WARN_ENUM_CONVERSION = YES;
				CLANG_WARN_INFINITE_RECURSION = YES;
				CLANG_WARN_INT_CONVERSION = YES;
				CLANG_WARN_NON_LITERAL_NULL_CONVERSION = YES;
				CLANG_WARN_OBJC_LITERAL_CONVERSION = YES;
				CLANG_WARN_OBJC_ROOT_CLASS = YES_ERROR;
				CLANG_WARN_RANGE_LOOP_ANALYSIS = YES;
				CLANG_WARN_STRICT_PROTOTYPES = YES;
				CLANG_WARN_SUSPICIOUS_MOVE = YES;
				CLANG_WARN_UNGUARDED_AVAILABILITY = YES_AGGRESSIVE;
				CLANG_WARN_UNREACHABLE_CODE = YES;
				CLANG_WARN__DUPLICATE_METHOD_MATCH = YES;
				CODE_SIGN_IDENTITY = "iPhone Developer";
				COPY_PHASE_STRIP = NO;
				DEBUG_INFORMATION_FORMAT = dwarf;
				ENABLE_STRICT_OBJC_MSGSEND = YES;
				ENABLE_TESTABILITY = YES;
				GCC_C_LANGUAGE_STANDARD = gnu11;
				GCC_DYNAMIC_NO_PIC = NO;
				GCC_NO_COMMON_BLOCKS = YES;
				GCC_OPTIMIZATION_LEVEL = 0;
				GCC_PREPROCESSOR_DEFINITIONS = (
					"DEBUG=1",
					"$(inherited)",
				);
				GCC_WARN_64_TO_32_BIT_CONVERSION = YES;
				GCC_WARN_ABOUT_RETURN_TYPE = YES_ERROR;
				GCC_WARN_UNDECLARED_SELECTOR = YES;
				GCC_WARN_UNINITIALIZED_AUTOS = YES_AGGRESSIVE;
				GCC_WARN_UNUSED_FUNCTION = YES;
				GCC_WARN_UNUSED_VARIABLE = YES;
				IPHONEOS_DEPLOYMENT_TARGET = 11.2;
				MTL_ENABLE_DEBUG_INFO = YES;
				ONLY_ACTIVE_ARCH = YES;
				SDKROOT = iphoneos;
				SWIFT_ACTIVE_COMPILATION_CONDITIONS = DEBUG;
				SWIFT_OPTIMIZATION_LEVEL = "-Onone";
			};
			name = Debug;
		};
		DD9D1E8220313534007AEBB4 /* Release */ = {
			isa = XCBuildConfiguration;
			buildSettings = {
				ALWAYS_SEARCH_USER_PATHS = NO;
				CLANG_ANALYZER_NONNULL = YES;
				CLANG_ANALYZER_NUMBER_OBJECT_CONVERSION = YES_AGGRESSIVE;
				CLANG_CXX_LANGUAGE_STANDARD = "gnu++14";
				CLANG_CXX_LIBRARY = "libc++";
				CLANG_ENABLE_MODULES = YES;
				CLANG_ENABLE_OBJC_ARC = YES;
				CLANG_WARN_BLOCK_CAPTURE_AUTORELEASING = YES;
				CLANG_WARN_BOOL_CONVERSION = YES;
				CLANG_WARN_COMMA = YES;
				CLANG_WARN_CONSTANT_CONVERSION = YES;
				CLANG_WARN_DIRECT_OBJC_ISA_USAGE = YES_ERROR;
				CLANG_WARN_DOCUMENTATION_COMMENTS = YES;
				CLANG_WARN_EMPTY_BODY = YES;
				CLANG_WARN_ENUM_CONVERSION = YES;
				CLANG_WARN_INFINITE_RECURSION = YES;
				CLANG_WARN_INT_CONVERSION = YES;
				CLANG_WARN_NON_LITERAL_NULL_CONVERSION = YES;
				CLANG_WARN_OBJC_LITERAL_CONVERSION = YES;
				CLANG_WARN_OBJC_ROOT_CLASS = YES_ERROR;
				CLANG_WARN_RANGE_LOOP_ANALYSIS = YES;
				CLANG_WARN_STRICT_PROTOTYPES = YES;
				CLANG_WARN_SUSPICIOUS_MOVE = YES;
				CLANG_WARN_UNGUARDED_AVAILABILITY = YES_AGGRESSIVE;
				CLANG_WARN_UNREACHABLE_CODE = YES;
				CLANG_WARN__DUPLICATE_METHOD_MATCH = YES;
				CODE_SIGN_IDENTITY = "iPhone Developer";
				COPY_PHASE_STRIP = NO;
				DEBUG_INFORMATION_FORMAT = "dwarf-with-dsym";
				ENABLE_NS_ASSERTIONS = NO;
				ENABLE_STRICT_OBJC_MSGSEND = YES;
				GCC_C_LANGUAGE_STANDARD = gnu11;
				GCC_NO_COMMON_BLOCKS = YES;
				GCC_WARN_64_TO_32_BIT_CONVERSION = YES;
				GCC_WARN_ABOUT_RETURN_TYPE = YES_ERROR;
				GCC_WARN_UNDECLARED_SELECTOR = YES;
				GCC_WARN_UNINITIALIZED_AUTOS = YES_AGGRESSIVE;
				GCC_WARN_UNUSED_FUNCTION = YES;
				GCC_WARN_UNUSED_VARIABLE = YES;
				IPHONEOS_DEPLOYMENT_TARGET = 11.2;
				MTL_ENABLE_DEBUG_INFO = NO;
				SDKROOT = iphoneos;
				SWIFT_OPTIMIZATION_LEVEL = "-Owholemodule";
				VALIDATE_PRODUCT = YES;
			};
			name = Release;
		};
		DD9D1E8420313534007AEBB4 /* Debug */ = {
			isa = XCBuildConfiguration;
			buildSettings = {
				ASSETCATALOG_COMPILER_APPICON_NAME = AppIcon;
				CLANG_ENABLE_MODULES = YES;
				CODE_SIGN_STYLE = Automatic;
				DEVELOPMENT_TEAM = Y2HQGZVUG4;
				FRAMEWORK_SEARCH_PATHS = (
					"$(inherited)",
					"$(PROJECT_DIR)/Carthage/Build/iOS",
					"$(PROJECT_DIR)",
				);
				INFOPLIST_FILE = cimonv2/Info.plist;
				IPHONEOS_DEPLOYMENT_TARGET = 11.0;
				LD_RUNPATH_SEARCH_PATHS = "$(inherited) @executable_path/Frameworks";
				OTHER_LDFLAGS = (
					"-all_load",
					"-ObjC",
				);
				PRODUCT_BUNDLE_IDENTIFIER = edu.nd.cimonv2;
				PRODUCT_NAME = "$(TARGET_NAME)";
				SWIFT_OBJC_BRIDGING_HEADER = "cimonv2-Bridging-Header.h";
				SWIFT_OPTIMIZATION_LEVEL = "-Onone";
				SWIFT_VERSION = 4.0;
				TARGETED_DEVICE_FAMILY = "1,2";
			};
			name = Debug;
		};
		DD9D1E8520313534007AEBB4 /* Release */ = {
			isa = XCBuildConfiguration;
			buildSettings = {
				ASSETCATALOG_COMPILER_APPICON_NAME = AppIcon;
				CLANG_ENABLE_MODULES = YES;
				CODE_SIGN_STYLE = Automatic;
				DEVELOPMENT_TEAM = Y2HQGZVUG4;
				FRAMEWORK_SEARCH_PATHS = (
					"$(inherited)",
					"$(PROJECT_DIR)/Carthage/Build/iOS",
					"$(PROJECT_DIR)",
				);
				INFOPLIST_FILE = cimonv2/Info.plist;
				IPHONEOS_DEPLOYMENT_TARGET = 11.0;
				LD_RUNPATH_SEARCH_PATHS = "$(inherited) @executable_path/Frameworks";
				OTHER_LDFLAGS = (
					"-all_load",
					"-ObjC",
				);
				PRODUCT_BUNDLE_IDENTIFIER = edu.nd.cimonv2;
				PRODUCT_NAME = "$(TARGET_NAME)";
				SWIFT_OBJC_BRIDGING_HEADER = "cimonv2-Bridging-Header.h";
				SWIFT_VERSION = 4.0;
				TARGETED_DEVICE_FAMILY = "1,2";
			};
			name = Release;
		};
		DD9D1E8720313534007AEBB4 /* Debug */ = {
			isa = XCBuildConfiguration;
			buildSettings = {
				ALWAYS_EMBED_SWIFT_STANDARD_LIBRARIES = YES;
				BUNDLE_LOADER = "$(TEST_HOST)";
				CODE_SIGN_STYLE = Automatic;
				DEVELOPMENT_TEAM = Y2HQGZVUG4;
				INFOPLIST_FILE = cimonv2Tests/Info.plist;
				LD_RUNPATH_SEARCH_PATHS = "$(inherited) @executable_path/Frameworks @loader_path/Frameworks";
				PRODUCT_BUNDLE_IDENTIFIER = edu.nd.cimonv2Tests;
				PRODUCT_NAME = "$(TARGET_NAME)";
				SWIFT_VERSION = 4.0;
				TARGETED_DEVICE_FAMILY = "1,2";
				TEST_HOST = "$(BUILT_PRODUCTS_DIR)/cimonv2.app/cimonv2";
			};
			name = Debug;
		};
		DD9D1E8820313534007AEBB4 /* Release */ = {
			isa = XCBuildConfiguration;
			buildSettings = {
				ALWAYS_EMBED_SWIFT_STANDARD_LIBRARIES = YES;
				BUNDLE_LOADER = "$(TEST_HOST)";
				CODE_SIGN_STYLE = Automatic;
				DEVELOPMENT_TEAM = Y2HQGZVUG4;
				INFOPLIST_FILE = cimonv2Tests/Info.plist;
				LD_RUNPATH_SEARCH_PATHS = "$(inherited) @executable_path/Frameworks @loader_path/Frameworks";
				PRODUCT_BUNDLE_IDENTIFIER = edu.nd.cimonv2Tests;
				PRODUCT_NAME = "$(TARGET_NAME)";
				SWIFT_VERSION = 4.0;
				TARGETED_DEVICE_FAMILY = "1,2";
				TEST_HOST = "$(BUILT_PRODUCTS_DIR)/cimonv2.app/cimonv2";
			};
			name = Release;
		};
		DD9D1E8A20313534007AEBB4 /* Debug */ = {
			isa = XCBuildConfiguration;
			buildSettings = {
				ALWAYS_EMBED_SWIFT_STANDARD_LIBRARIES = YES;
				CODE_SIGN_STYLE = Automatic;
				DEVELOPMENT_TEAM = Y2HQGZVUG4;
				INFOPLIST_FILE = cimonv2UITests/Info.plist;
				LD_RUNPATH_SEARCH_PATHS = "$(inherited) @executable_path/Frameworks @loader_path/Frameworks";
				PRODUCT_BUNDLE_IDENTIFIER = edu.nd.cimonv2UITests;
				PRODUCT_NAME = "$(TARGET_NAME)";
				SWIFT_VERSION = 4.0;
				TARGETED_DEVICE_FAMILY = "1,2";
				TEST_TARGET_NAME = cimonv2;
			};
			name = Debug;
		};
		DD9D1E8B20313534007AEBB4 /* Release */ = {
			isa = XCBuildConfiguration;
			buildSettings = {
				ALWAYS_EMBED_SWIFT_STANDARD_LIBRARIES = YES;
				CODE_SIGN_STYLE = Automatic;
				DEVELOPMENT_TEAM = Y2HQGZVUG4;
				INFOPLIST_FILE = cimonv2UITests/Info.plist;
				LD_RUNPATH_SEARCH_PATHS = "$(inherited) @executable_path/Frameworks @loader_path/Frameworks";
				PRODUCT_BUNDLE_IDENTIFIER = edu.nd.cimonv2UITests;
				PRODUCT_NAME = "$(TARGET_NAME)";
				SWIFT_VERSION = 4.0;
				TARGETED_DEVICE_FAMILY = "1,2";
				TEST_TARGET_NAME = cimonv2;
			};
			name = Release;
		};
/* End XCBuildConfiguration section */

/* Begin XCConfigurationList section */
		DD9D1E5320313534007AEBB4 /* Build configuration list for PBXProject "cimonv2" */ = {
			isa = XCConfigurationList;
			buildConfigurations = (
				DD9D1E8120313534007AEBB4 /* Debug */,
				DD9D1E8220313534007AEBB4 /* Release */,
			);
			defaultConfigurationIsVisible = 0;
			defaultConfigurationName = Release;
		};
		DD9D1E8320313534007AEBB4 /* Build configuration list for PBXNativeTarget "cimonv2" */ = {
			isa = XCConfigurationList;
			buildConfigurations = (
				DD9D1E8420313534007AEBB4 /* Debug */,
				DD9D1E8520313534007AEBB4 /* Release */,
			);
			defaultConfigurationIsVisible = 0;
			defaultConfigurationName = Release;
		};
		DD9D1E8620313534007AEBB4 /* Build configuration list for PBXNativeTarget "cimonv2Tests" */ = {
			isa = XCConfigurationList;
			buildConfigurations = (
				DD9D1E8720313534007AEBB4 /* Debug */,
				DD9D1E8820313534007AEBB4 /* Release */,
			);
			defaultConfigurationIsVisible = 0;
			defaultConfigurationName = Release;
		};
		DD9D1E8920313534007AEBB4 /* Build configuration list for PBXNativeTarget "cimonv2UITests" */ = {
			isa = XCConfigurationList;
			buildConfigurations = (
				DD9D1E8A20313534007AEBB4 /* Debug */,
				DD9D1E8B20313534007AEBB4 /* Release */,
			);
			defaultConfigurationIsVisible = 0;
			defaultConfigurationName = Release;
		};
/* End XCConfigurationList section */

/* Begin XCVersionGroup section */
		DD9D1E6220313534007AEBB4 /* cimonv2.xcdatamodeld */ = {
			isa = XCVersionGroup;
			children = (
				DD9D1E6320313534007AEBB4 /* cimonv2.xcdatamodel */,
			);
			currentVersion = DD9D1E6320313534007AEBB4 /* cimonv2.xcdatamodel */;
			path = cimonv2.xcdatamodeld;
			sourceTree = "<group>";
			versionGroupType = wrapper.xcdatamodel;
		};
/* End XCVersionGroup section */
	};
	rootObject = DD9D1E5020313534007AEBB4 /* Project object */;
}
